// !$*UTF8*$!
{
	archiveVersion = 1;
	classes = {
	};
	objectVersion = 77;
	objects = {

/* Begin PBXContainerItemProxy section */
		40A745682E5B90820088EA5E /* PBXContainerItemProxy */ = {
			isa = PBXContainerItemProxy;
			containerPortal = 40A745522E5B90800088EA5E /* Project object */;
			proxyType = 1;
			remoteGlobalIDString = 40A745592E5B90800088EA5E;
			remoteInfo = HappyBirthdayApp;
		};
		40A745722E5B90820088EA5E /* PBXContainerItemProxy */ = {
			isa = PBXContainerItemProxy;
			containerPortal = 40A745522E5B90800088EA5E /* Project object */;
			proxyType = 1;
			remoteGlobalIDString = 40A745592E5B90800088EA5E;
			remoteInfo = HappyBirthdayApp;
		};
/* End PBXContainerItemProxy section */

/* Begin PBXFileReference section */
		40A7455A2E5B90800088EA5E /* HappyBirthdayApp.app */ = {isa = PBXFileReference; explicitFileType = wrapper.application; includeInIndex = 0; path = HappyBirthdayApp.app; sourceTree = BUILT_PRODUCTS_DIR; };
		40A745672E5B90820088EA5E /* HappyBirthdayAppTests.xctest */ = {isa = PBXFileReference; explicitFileType = wrapper.cfbundle; includeInIndex = 0; path = HappyBirthdayAppTests.xctest; sourceTree = BUILT_PRODUCTS_DIR; };
		40A745712E5B90820088EA5E /* HappyBirthdayAppUITests.xctest */ = {isa = PBXFileReference; explicitFileType = wrapper.cfbundle; includeInIndex = 0; path = HappyBirthdayAppUITests.xctest; sourceTree = BUILT_PRODUCTS_DIR; };
/* End PBXFileReference section */

/* Begin PBXFileSystemSynchronizedBuildFileExceptionSet section */
		40A745C02E5B9FB00088EA5E /* Exceptions for "HappyBirthdayApp" folder in "HappyBirthdayApp" target */ = {
			isa = PBXFileSystemSynchronizedBuildFileExceptionSet;
			membershipExceptions = (
				App/Files/Info.plist,
			);
			target = 40A745592E5B90800088EA5E /* HappyBirthdayApp */;
		};
/* End PBXFileSystemSynchronizedBuildFileExceptionSet section */

/* Begin PBXFileSystemSynchronizedRootGroup section */
		40A7455C2E5B90800088EA5E /* HappyBirthdayApp */ = {
			isa = PBXFileSystemSynchronizedRootGroup;
			exceptions = (
				40A745C02E5B9FB00088EA5E /* Exceptions for "HappyBirthdayApp" folder in "HappyBirthdayApp" target */,
			);
			path = HappyBirthdayApp;
			sourceTree = "<group>";
		};
		40A7456A2E5B90820088EA5E /* HappyBirthdayAppTests */ = {
			isa = PBXFileSystemSynchronizedRootGroup;
			path = HappyBirthdayAppTests;
			sourceTree = "<group>";
		};
		40A745742E5B90820088EA5E /* HappyBirthdayAppUITests */ = {
			isa = PBXFileSystemSynchronizedRootGroup;
			path = HappyBirthdayAppUITests;
			sourceTree = "<group>";
		};
/* End PBXFileSystemSynchronizedRootGroup section */

/* Begin PBXFrameworksBuildPhase section */
		40A745572E5B90800088EA5E /* Frameworks */ = {
			isa = PBXFrameworksBuildPhase;
			buildActionMask = 2147483647;
			files = (
			);
			runOnlyForDeploymentPostprocessing = 0;
		};
		40A745642E5B90820088EA5E /* Frameworks */ = {
			isa = PBXFrameworksBuildPhase;
			buildActionMask = 2147483647;
			files = (
			);
			runOnlyForDeploymentPostprocessing = 0;
		};
		40A7456E2E5B90820088EA5E /* Frameworks */ = {
			isa = PBXFrameworksBuildPhase;
			buildActionMask = 2147483647;
			files = (
			);
			runOnlyForDeploymentPostprocessing = 0;
		};
/* End PBXFrameworksBuildPhase section */

/* Begin PBXGroup section */
		40A745512E5B90800088EA5E = {
			isa = PBXGroup;
			children = (
				40A7455C2E5B90800088EA5E /* HappyBirthdayApp */,
				40A7456A2E5B90820088EA5E /* HappyBirthdayAppTests */,
				40A745742E5B90820088EA5E /* HappyBirthdayAppUITests */,
				40A7455B2E5B90800088EA5E /* Products */,
			);
			sourceTree = "<group>";
		};
		40A7455B2E5B90800088EA5E /* Products */ = {
			isa = PBXGroup;
			children = (
				40A7455A2E5B90800088EA5E /* HappyBirthdayApp.app */,
				40A745672E5B90820088EA5E /* HappyBirthdayAppTests.xctest */,
				40A745712E5B90820088EA5E /* HappyBirthdayAppUITests.xctest */,
			);
			name = Products;
			sourceTree = "<group>";
		};
/* End PBXGroup section */

/* Begin PBXNativeTarget section */
		40A745592E5B90800088EA5E /* HappyBirthdayApp */ = {
			isa = PBXNativeTarget;
			buildConfigurationList = 40A7457B2E5B90820088EA5E /* Build configuration list for PBXNativeTarget "HappyBirthdayApp" */;
			buildPhases = (
				40A745562E5B90800088EA5E /* Sources */,
				40A745572E5B90800088EA5E /* Frameworks */,
				40A745582E5B90800088EA5E /* Resources */,
			);
			buildRules = (
			);
			dependencies = (
			);
			fileSystemSynchronizedGroups = (
				40A7455C2E5B90800088EA5E /* HappyBirthdayApp */,
			);
			name = HappyBirthdayApp;
			packageProductDependencies = (
			);
			productName = HappyBirthdayApp;
			productReference = 40A7455A2E5B90800088EA5E /* HappyBirthdayApp.app */;
			productType = "com.apple.product-type.application";
		};
		40A745662E5B90820088EA5E /* HappyBirthdayAppTests */ = {
			isa = PBXNativeTarget;
			buildConfigurationList = 40A7457E2E5B90820088EA5E /* Build configuration list for PBXNativeTarget "HappyBirthdayAppTests" */;
			buildPhases = (
				40A745632E5B90820088EA5E /* Sources */,
				40A745642E5B90820088EA5E /* Frameworks */,
				40A745652E5B90820088EA5E /* Resources */,
			);
			buildRules = (
			);
			dependencies = (
				40A745692E5B90820088EA5E /* PBXTargetDependency */,
			);
			fileSystemSynchronizedGroups = (
				40A7456A2E5B90820088EA5E /* HappyBirthdayAppTests */,
			);
			name = HappyBirthdayAppTests;
			packageProductDependencies = (
			);
			productName = HappyBirthdayAppTests;
			productReference = 40A745672E5B90820088EA5E /* HappyBirthdayAppTests.xctest */;
			productType = "com.apple.product-type.bundle.unit-test";
		};
		40A745702E5B90820088EA5E /* HappyBirthdayAppUITests */ = {
			isa = PBXNativeTarget;
			buildConfigurationList = 40A745812E5B90820088EA5E /* Build configuration list for PBXNativeTarget "HappyBirthdayAppUITests" */;
			buildPhases = (
				40A7456D2E5B90820088EA5E /* Sources */,
				40A7456E2E5B90820088EA5E /* Frameworks */,
				40A7456F2E5B90820088EA5E /* Resources */,
			);
			buildRules = (
			);
			dependencies = (
				40A745732E5B90820088EA5E /* PBXTargetDependency */,
			);
			fileSystemSynchronizedGroups = (
				40A745742E5B90820088EA5E /* HappyBirthdayAppUITests */,
			);
			name = HappyBirthdayAppUITests;
			packageProductDependencies = (
			);
			productName = HappyBirthdayAppUITests;
			productReference = 40A745712E5B90820088EA5E /* HappyBirthdayAppUITests.xctest */;
			productType = "com.apple.product-type.bundle.ui-testing";
		};
/* End PBXNativeTarget section */

/* Begin PBXProject section */
		40A745522E5B90800088EA5E /* Project object */ = {
			isa = PBXProject;
			attributes = {
				BuildIndependentTargetsInParallel = 1;
				LastSwiftUpdateCheck = 1640;
				LastUpgradeCheck = 1640;
				TargetAttributes = {
					40A745592E5B90800088EA5E = {
						CreatedOnToolsVersion = 16.4;
					};
					40A745662E5B90820088EA5E = {
						CreatedOnToolsVersion = 16.4;
						TestTargetID = 40A745592E5B90800088EA5E;
					};
					40A745702E5B90820088EA5E = {
						CreatedOnToolsVersion = 16.4;
						TestTargetID = 40A745592E5B90800088EA5E;
					};
				};
			};
			buildConfigurationList = 40A745552E5B90800088EA5E /* Build configuration list for PBXProject "HappyBirthdayApp" */;
			developmentRegion = en;
			hasScannedForEncodings = 0;
			knownRegions = (
				en,
				Base,
			);
			mainGroup = 40A745512E5B90800088EA5E;
			minimizedProjectReferenceProxies = 1;
			preferredProjectObjectVersion = 77;
			productRefGroup = 40A7455B2E5B90800088EA5E /* Products */;
			projectDirPath = "";
			projectRoot = "";
			targets = (
				40A745592E5B90800088EA5E /* HappyBirthdayApp */,
				40A745662E5B90820088EA5E /* HappyBirthdayAppTests */,
				40A745702E5B90820088EA5E /* HappyBirthdayAppUITests */,
			);
		};
/* End PBXProject section */

/* Begin PBXResourcesBuildPhase section */
		40A745582E5B90800088EA5E /* Resources */ = {
			isa = PBXResourcesBuildPhase;
			buildActionMask = 2147483647;
			files = (
			);
			runOnlyForDeploymentPostprocessing = 0;
		};
		40A745652E5B90820088EA5E /* Resources */ = {
			isa = PBXResourcesBuildPhase;
			buildActionMask = 2147483647;
			files = (
			);
			runOnlyForDeploymentPostprocessing = 0;
		};
		40A7456F2E5B90820088EA5E /* Resources */ = {
			isa = PBXResourcesBuildPhase;
			buildActionMask = 2147483647;
			files = (
			);
			runOnlyForDeploymentPostprocessing = 0;
		};
/* End PBXResourcesBuildPhase section */

/* Begin PBXSourcesBuildPhase section */
		40A745562E5B90800088EA5E /* Sources */ = {
			isa = PBXSourcesBuildPhase;
			buildActionMask = 2147483647;
			files = (
			);
			runOnlyForDeploymentPostprocessing = 0;
		};
		40A745632E5B90820088EA5E /* Sources */ = {
			isa = PBXSourcesBuildPhase;
			buildActionMask = 2147483647;
			files = (
			);
			runOnlyForDeploymentPostprocessing = 0;
		};
		40A7456D2E5B90820088EA5E /* Sources */ = {
			isa = PBXSourcesBuildPhase;
			buildActionMask = 2147483647;
			files = (
			);
			runOnlyForDeploymentPostprocessing = 0;
		};
/* End PBXSourcesBuildPhase section */

/* Begin PBXTargetDependency section */
		40A745692E5B90820088EA5E /* PBXTargetDependency */ = {
			isa = PBXTargetDependency;
			target = 40A745592E5B90800088EA5E /* HappyBirthdayApp */;
			targetProxy = 40A745682E5B90820088EA5E /* PBXContainerItemProxy */;
		};
		40A745732E5B90820088EA5E /* PBXTargetDependency */ = {
			isa = PBXTargetDependency;
			target = 40A745592E5B90800088EA5E /* HappyBirthdayApp */;
			targetProxy = 40A745722E5B90820088EA5E /* PBXContainerItemProxy */;
		};
/* End PBXTargetDependency section */

/* Begin XCBuildConfiguration section */
		40A745792E5B90820088EA5E /* Debug */ = {
			isa = XCBuildConfiguration;
			buildSettings = {
				ALWAYS_SEARCH_USER_PATHS = NO;
				ASSETCATALOG_COMPILER_GENERATE_SWIFT_ASSET_SYMBOL_EXTENSIONS = YES;
				CLANG_ANALYZER_NONNULL = YES;
				CLANG_ANALYZER_NUMBER_OBJECT_CONVERSION = YES_AGGRESSIVE;
				CLANG_CXX_LANGUAGE_STANDARD = "gnu++20";
				CLANG_ENABLE_MODULES = YES;
				CLANG_ENABLE_OBJC_ARC = YES;
				CLANG_ENABLE_OBJC_WEAK = YES;
				CLANG_WARN_BLOCK_CAPTURE_AUTORELEASING = YES;
				CLANG_WARN_BOOL_CONVERSION = YES;
				CLANG_WARN_COMMA = YES;
				CLANG_WARN_CONSTANT_CONVERSION = YES;
				CLANG_WARN_DEPRECATED_OBJC_IMPLEMENTATIONS = YES;
				CLANG_WARN_DIRECT_OBJC_ISA_USAGE = YES_ERROR;
				CLANG_WARN_DOCUMENTATION_COMMENTS = YES;
				CLANG_WARN_EMPTY_BODY = YES;
				CLANG_WARN_ENUM_CONVERSION = YES;
				CLANG_WARN_INFINITE_RECURSION = YES;
				CLANG_WARN_INT_CONVERSION = YES;
				CLANG_WARN_NON_LITERAL_NULL_CONVERSION = YES;
				CLANG_WARN_OBJC_IMPLICIT_RETAIN_SELF = YES;
				CLANG_WARN_OBJC_LITERAL_CONVERSION = YES;
				CLANG_WARN_OBJC_ROOT_CLASS = YES_ERROR;
				CLANG_WARN_QUOTED_INCLUDE_IN_FRAMEWORK_HEADER = YES;
				CLANG_WARN_RANGE_LOOP_ANALYSIS = YES;
				CLANG_WARN_STRICT_PROTOTYPES = YES;
				CLANG_WARN_SUSPICIOUS_MOVE = YES;
				CLANG_WARN_UNGUARDED_AVAILABILITY = YES_AGGRESSIVE;
				CLANG_WARN_UNREACHABLE_CODE = YES;
				CLANG_WARN__DUPLICATE_METHOD_MATCH = YES;
				COPY_PHASE_STRIP = NO;
				DEBUG_INFORMATION_FORMAT = dwarf;
				DEVELOPMENT_TEAM = TSGQDLAC56;
				ENABLE_STRICT_OBJC_MSGSEND = YES;
				ENABLE_TESTABILITY = YES;
				ENABLE_USER_SCRIPT_SANDBOXING = YES;
				GCC_C_LANGUAGE_STANDARD = gnu17;
				GCC_DYNAMIC_NO_PIC = NO;
				GCC_NO_COMMON_BLOCKS = YES;
				GCC_OPTIMIZATION_LEVEL = 0;
				GCC_PREPROCESSOR_DEFINITIONS = (
					"DEBUG=1",
					"$(inherited)",
				);
				GCC_WARN_64_TO_32_BIT_CONVERSION = YES;
				GCC_WARN_ABOUT_RETURN_TYPE = YES_ERROR;
				GCC_WARN_UNDECLARED_SELECTOR = YES;
				GCC_WARN_UNINITIALIZED_AUTOS = YES_AGGRESSIVE;
				GCC_WARN_UNUSED_FUNCTION = YES;
				GCC_WARN_UNUSED_VARIABLE = YES;
				IPHONEOS_DEPLOYMENT_TARGET = 18.5;
				LOCALIZATION_PREFERS_STRING_CATALOGS = YES;
				MTL_ENABLE_DEBUG_INFO = INCLUDE_SOURCE;
				MTL_FAST_MATH = YES;
				ONLY_ACTIVE_ARCH = YES;
				SDKROOT = iphoneos;
				SWIFT_ACTIVE_COMPILATION_CONDITIONS = "DEBUG $(inherited)";
				SWIFT_OPTIMIZATION_LEVEL = "-Onone";
			};
			name = Debug;
		};
		40A7457A2E5B90820088EA5E /* Release */ = {
			isa = XCBuildConfiguration;
			buildSettings = {
				ALWAYS_SEARCH_USER_PATHS = NO;
				ASSETCATALOG_COMPILER_GENERATE_SWIFT_ASSET_SYMBOL_EXTENSIONS = YES;
				CLANG_ANALYZER_NONNULL = YES;
				CLANG_ANALYZER_NUMBER_OBJECT_CONVERSION = YES_AGGRESSIVE;
				CLANG_CXX_LANGUAGE_STANDARD = "gnu++20";
				CLANG_ENABLE_MODULES = YES;
				CLANG_ENABLE_OBJC_ARC = YES;
				CLANG_ENABLE_OBJC_WEAK = YES;
				CLANG_WARN_BLOCK_CAPTURE_AUTORELEASING = YES;
				CLANG_WARN_BOOL_CONVERSION = YES;
				CLANG_WARN_COMMA = YES;
				CLANG_WARN_CONSTANT_CONVERSION = YES;
				CLANG_WARN_DEPRECATED_OBJC_IMPLEMENTATIONS = YES;
				CLANG_WARN_DIRECT_OBJC_ISA_USAGE = YES_ERROR;
				CLANG_WARN_DOCUMENTATION_COMMENTS = YES;
				CLANG_WARN_EMPTY_BODY = YES;
				CLANG_WARN_ENUM_CONVERSION = YES;
				CLANG_WARN_INFINITE_RECURSION = YES;
				CLANG_WARN_INT_CONVERSION = YES;
				CLANG_WARN_NON_LITERAL_NULL_CONVERSION = YES;
				CLANG_WARN_OBJC_IMPLICIT_RETAIN_SELF = YES;
				CLANG_WARN_OBJC_LITERAL_CONVERSION = YES;
				CLANG_WARN_OBJC_ROOT_CLASS = YES_ERROR;
				CLANG_WARN_QUOTED_INCLUDE_IN_FRAMEWORK_HEADER = YES;
				CLANG_WARN_RANGE_LOOP_ANALYSIS = YES;
				CLANG_WARN_STRICT_PROTOTYPES = YES;
				CLANG_WARN_SUSPICIOUS_MOVE = YES;
				CLANG_WARN_UNGUARDED_AVAILABILITY = YES_AGGRESSIVE;
				CLANG_WARN_UNREACHABLE_CODE = YES;
				CLANG_WARN__DUPLICATE_METHOD_MATCH = YES;
				COPY_PHASE_STRIP = NO;
				DEBUG_INFORMATION_FORMAT = "dwarf-with-dsym";
				DEVELOPMENT_TEAM = TSGQDLAC56;
				ENABLE_NS_ASSERTIONS = NO;
				ENABLE_STRICT_OBJC_MSGSEND = YES;
				ENABLE_USER_SCRIPT_SANDBOXING = YES;
				GCC_C_LANGUAGE_STANDARD = gnu17;
				GCC_NO_COMMON_BLOCKS = YES;
				GCC_WARN_64_TO_32_BIT_CONVERSION = YES;
				GCC_WARN_ABOUT_RETURN_TYPE = YES_ERROR;
				GCC_WARN_UNDECLARED_SELECTOR = YES;
				GCC_WARN_UNINITIALIZED_AUTOS = YES_AGGRESSIVE;
				GCC_WARN_UNUSED_FUNCTION = YES;
				GCC_WARN_UNUSED_VARIABLE = YES;
				IPHONEOS_DEPLOYMENT_TARGET = 18.5;
				LOCALIZATION_PREFERS_STRING_CATALOGS = YES;
				MTL_ENABLE_DEBUG_INFO = NO;
				MTL_FAST_MATH = YES;
				SDKROOT = iphoneos;
				SWIFT_COMPILATION_MODE = wholemodule;
				VALIDATE_PRODUCT = YES;
			};
			name = Release;
		};
		40A7457C2E5B90820088EA5E /* Debug */ = {
			isa = XCBuildConfiguration;
			buildSettings = {
				ASSETCATALOG_COMPILER_APPICON_NAME = AppIcon;
				ASSETCATALOG_COMPILER_GLOBAL_ACCENT_COLOR_NAME = AccentColor;
				CODE_SIGN_STYLE = Automatic;
				CURRENT_PROJECT_VERSION = 1;
				DEVELOPMENT_TEAM = TSGQDLAC56;
				ENABLE_PREVIEWS = YES;
				GENERATE_INFOPLIST_FILE = YES;
				INFOPLIST_FILE = HappyBirthdayApp/App/Files/Info.plist;
				INFOPLIST_KEY_NSCameraUsageDescription = "We need access to your camera to let you take a profile picture.";
				INFOPLIST_KEY_NSPhotoLibraryAddUsageDescription = "We need access to save pictures to your photo library.";
				INFOPLIST_KEY_NSPhotoLibraryUsageDescription = "We need access to your photos to choose a profile picture.";
				INFOPLIST_KEY_UIApplicationSceneManifest_Generation = YES;
				INFOPLIST_KEY_UIApplicationSupportsIndirectInputEvents = YES;
				INFOPLIST_KEY_UILaunchStoryboardName = LaunchScreen;
				INFOPLIST_KEY_UISupportedInterfaceOrientations = UIInterfaceOrientationPortrait;
				INFOPLIST_KEY_UISupportedInterfaceOrientations_iPad = "UIInterfaceOrientationLandscapeLeft UIInterfaceOrientationLandscapeRight UIInterfaceOrientationPortrait UIInterfaceOrientationPortraitUpsideDown";
				LD_RUNPATH_SEARCH_PATHS = (
					"$(inherited)",
					"@executable_path/Frameworks",
				);
				MARKETING_VERSION = 1.0;
				PRODUCT_BUNDLE_IDENTIFIER = com.test.happybirthdayapp.HappyBirthdayApp;
				PRODUCT_NAME = "$(TARGET_NAME)";
				SUPPORTED_PLATFORMS = "iphoneos iphonesimulator";
				SUPPORTS_MACCATALYST = NO;
				SUPPORTS_MAC_DESIGNED_FOR_IPHONE_IPAD = NO;
				SUPPORTS_XR_DESIGNED_FOR_IPHONE_IPAD = NO;
				SWIFT_EMIT_LOC_STRINGS = YES;
				SWIFT_VERSION = 5.0;
				TARGETED_DEVICE_FAMILY = 1;
			};
			name = Debug;
		};
		40A7457D2E5B90820088EA5E /* Release */ = {
			isa = XCBuildConfiguration;
			buildSettings = {
				ASSETCATALOG_COMPILER_APPICON_NAME = AppIcon;
				ASSETCATALOG_COMPILER_GLOBAL_ACCENT_COLOR_NAME = AccentColor;
				CODE_SIGN_STYLE = Automatic;
				CURRENT_PROJECT_VERSION = 1;
				DEVELOPMENT_TEAM = TSGQDLAC56;
				ENABLE_PREVIEWS = YES;
				GENERATE_INFOPLIST_FILE = YES;
				INFOPLIST_FILE = HappyBirthdayApp/App/Files/Info.plist;
				INFOPLIST_KEY_NSCameraUsageDescription = "We need access to your camera to let you take a profile picture.";
				INFOPLIST_KEY_NSPhotoLibraryAddUsageDescription = "We need access to save pictures to your photo library.";
				INFOPLIST_KEY_NSPhotoLibraryUsageDescription = "We need access to your photos to choose a profile picture.";
				INFOPLIST_KEY_UIApplicationSceneManifest_Generation = YES;
				INFOPLIST_KEY_UIApplicationSupportsIndirectInputEvents = YES;
				INFOPLIST_KEY_UILaunchStoryboardName = LaunchScreen;
				INFOPLIST_KEY_UISupportedInterfaceOrientations = UIInterfaceOrientationPortrait;
				INFOPLIST_KEY_UISupportedInterfaceOrientations_iPad = "UIInterfaceOrientationLandscapeLeft UIInterfaceOrientationLandscapeRight UIInterfaceOrientationPortrait UIInterfaceOrientationPortraitUpsideDown";
				LD_RUNPATH_SEARCH_PATHS = (
					"$(inherited)",
					"@executable_path/Frameworks",
				);
				MARKETING_VERSION = 1.0;
				PRODUCT_BUNDLE_IDENTIFIER = com.test.happybirthdayapp.HappyBirthdayApp;
				PRODUCT_NAME = "$(TARGET_NAME)";
				SUPPORTED_PLATFORMS = "iphoneos iphonesimulator";
				SUPPORTS_MACCATALYST = NO;
				SUPPORTS_MAC_DESIGNED_FOR_IPHONE_IPAD = NO;
				SUPPORTS_XR_DESIGNED_FOR_IPHONE_IPAD = NO;
				SWIFT_EMIT_LOC_STRINGS = YES;
				SWIFT_VERSION = 5.0;
				TARGETED_DEVICE_FAMILY = 1;
			};
			name = Release;
		};
		40A7457F2E5B90820088EA5E /* Debug */ = {
			isa = XCBuildConfiguration;
			buildSettings = {
				BUNDLE_LOADER = "$(TEST_HOST)";
				CODE_SIGN_STYLE = Automatic;
				CURRENT_PROJECT_VERSION = 1;
				DEVELOPMENT_TEAM = TSGQDLAC56;
				GENERATE_INFOPLIST_FILE = YES;
				IPHONEOS_DEPLOYMENT_TARGET = 18.5;
				MARKETING_VERSION = 1.0;
				PRODUCT_BUNDLE_IDENTIFIER = com.test.happybirthdayapp.HappyBirthdayAppTests;
				PRODUCT_NAME = "$(TARGET_NAME)";
				SWIFT_EMIT_LOC_STRINGS = NO;
				SWIFT_VERSION = 5.0;
				TARGETED_DEVICE_FAMILY = "1,2";
				TEST_HOST = "$(BUILT_PRODUCTS_DIR)/HappyBirthdayApp.app/$(BUNDLE_EXECUTABLE_FOLDER_PATH)/HappyBirthdayApp";
			};
			name = Debug;
		};
		40A745802E5B90820088EA5E /* Release */ = {
			isa = XCBuildConfiguration;
			buildSettings = {
				BUNDLE_LOADER = "$(TEST_HOST)";
				CODE_SIGN_STYLE = Automatic;
				CURRENT_PROJECT_VERSION = 1;
				DEVELOPMENT_TEAM = TSGQDLAC56;
				GENERATE_INFOPLIST_FILE = YES;
				IPHONEOS_DEPLOYMENT_TARGET = 18.5;
				MARKETING_VERSION = 1.0;
				PRODUCT_BUNDLE_IDENTIFIER = com.test.happybirthdayapp.HappyBirthdayAppTests;
				PRODUCT_NAME = "$(TARGET_NAME)";
				SWIFT_EMIT_LOC_STRINGS = NO;
				SWIFT_VERSION = 5.0;
				TARGETED_DEVICE_FAMILY = "1,2";
				TEST_HOST = "$(BUILT_PRODUCTS_DIR)/HappyBirthdayApp.app/$(BUNDLE_EXECUTABLE_FOLDER_PATH)/HappyBirthdayApp";
			};
			name = Release;
		};
		40A745822E5B90820088EA5E /* Debug */ = {
			isa = XCBuildConfiguration;
			buildSettings = {
				CODE_SIGN_STYLE = Automatic;
				CURRENT_PROJECT_VERSION = 1;
				DEVELOPMENT_TEAM = TSGQDLAC56;
				GENERATE_INFOPLIST_FILE = YES;
				MARKETING_VERSION = 1.0;
				PRODUCT_BUNDLE_IDENTIFIER = com.test.happybirthdayapp.HappyBirthdayAppUITests;
				PRODUCT_NAME = "$(TARGET_NAME)";
				SWIFT_EMIT_LOC_STRINGS = NO;
				SWIFT_VERSION = 5.0;
				TARGETED_DEVICE_FAMILY = "1,2";
				TEST_TARGET_NAME = HappyBirthdayApp;
			};
			name = Debug;
		};
		40A745832E5B90820088EA5E /* Release */ = {
			isa = XCBuildConfiguration;
			buildSettings = {
				CODE_SIGN_STYLE = Automatic;
				CURRENT_PROJECT_VERSION = 1;
				DEVELOPMENT_TEAM = TSGQDLAC56;
				GENERATE_INFOPLIST_FILE = YES;
				MARKETING_VERSION = 1.0;
				PRODUCT_BUNDLE_IDENTIFIER = com.test.happybirthdayapp.HappyBirthdayAppUITests;
				PRODUCT_NAME = "$(TARGET_NAME)";
				SWIFT_EMIT_LOC_STRINGS = NO;
				SWIFT_VERSION = 5.0;
				TARGETED_DEVICE_FAMILY = "1,2";
				TEST_TARGET_NAME = HappyBirthdayApp;
			};
			name = Release;
		};
/* End XCBuildConfiguration section */

/* Begin XCConfigurationList section */
		40A745552E5B90800088EA5E /* Build configuration list for PBXProject "HappyBirthdayApp" */ = {
			isa = XCConfigurationList;
			buildConfigurations = (
				40A745792E5B90820088EA5E /* Debug */,
				40A7457A2E5B90820088EA5E /* Release */,
			);
			defaultConfigurationIsVisible = 0;
			defaultConfigurationName = Release;
		};
		40A7457B2E5B90820088EA5E /* Build configuration list for PBXNativeTarget "HappyBirthdayApp" */ = {
			isa = XCConfigurationList;
			buildConfigurations = (
				40A7457C2E5B90820088EA5E /* Debug */,
				40A7457D2E5B90820088EA5E /* Release */,
			);
			defaultConfigurationIsVisible = 0;
			defaultConfigurationName = Release;
		};
		40A7457E2E5B90820088EA5E /* Build configuration list for PBXNativeTarget "HappyBirthdayAppTests" */ = {
			isa = XCConfigurationList;
			buildConfigurations = (
				40A7457F2E5B90820088EA5E /* Debug */,
				40A745802E5B90820088EA5E /* Release */,
			);
			defaultConfigurationIsVisible = 0;
			defaultConfigurationName = Release;
		};
		40A745812E5B90820088EA5E /* Build configuration list for PBXNativeTarget "HappyBirthdayAppUITests" */ = {
			isa = XCConfigurationList;
			buildConfigurations = (
				40A745822E5B90820088EA5E /* Debug */,
				40A745832E5B90820088EA5E /* Release */,
			);
			defaultConfigurationIsVisible = 0;
			defaultConfigurationName = Release;
		};
/* End XCConfigurationList section */
	};
	rootObject = 40A745522E5B90800088EA5E /* Project object */;
}
